
Microsoft Visual Studio Solution File, Format Version 12.00
Project("{FAE04EC0-301F-11D3-BF4B-00C04F79EFBC}") = "patcher", "patcher\patcher.csproj", "{4EA90DE3-69F0-4B96-A33E-F0876D77D131}"
EndProject
Global
	GlobalSection(SolutionConfigurationPlatforms) = preSolution
		Debug|Any CPU = Debug|Any CPU
		Release|Any CPU = Release|Any CPU
	EndGlobalSection
	GlobalSection(ProjectConfigurationPlatforms) = postSolution
		{4EA90DE3-69F0-4B96-A33E-F0876D77D131}.Debug|Any CPU.ActiveCfg = Debug|Any CPU
		{4EA90DE3-69F0-4B96-A33E-F0876D77D131}.Debug|Any CPU.Build.0 = Debug|Any CPU
		{4EA90DE3-69F0-4B96-A33E-F0876D77D131}.Release|Any CPU.ActiveCfg = Release|Any CPU
		{4EA90DE3-69F0-4B96-A33E-F0876D77D131}.Release|Any CPU.Build.0 = Release|Any CPU
	EndGlobalSection
EndGlobal
